
Microsoft Visual Studio Solution File, Format Version 12.00
# Visual Studio Version 17
VisualStudioVersion = 17.7.34202.233
MinimumVisualStudioVersion = 10.0.40219.1
Project("{FAE04EC0-301F-11D3-BF4B-00C04F79EFBC}") = "TP - GONZALES - FAVRE", "TP - GONZALES - FAVRE\TP - GONZALES - FAVRE.csproj", "{06008E89-FE8B-45A9-BB45-160C392E3D9D}"
EndProject
Global
	GlobalSection(SolutionConfigurationPlatforms) = preSolution
		Debug|Any CPU = Debug|Any CPU
		Release|Any CPU = Release|Any CPU
	EndGlobalSection
	GlobalSection(ProjectConfigurationPlatforms) = postSolution
		{06008E89-FE8B-45A9-BB45-160C392E3D9D}.Debug|Any CPU.ActiveCfg = Debug|Any CPU
		{06008E89-FE8B-45A9-BB45-160C392E3D9D}.Debug|Any CPU.Build.0 = Debug|Any CPU
		{06008E89-FE8B-45A9-BB45-160C392E3D9D}.Release|Any CPU.ActiveCfg = Release|Any CPU
		{06008E89-FE8B-45A9-BB45-160C392E3D9D}.Release|Any CPU.Build.0 = Release|Any CPU
	EndGlobalSection
	GlobalSection(SolutionProperties) = preSolution
		HideSolutionNode = FALSE
	EndGlobalSection
	GlobalSection(ExtensibilityGlobals) = postSolution
		SolutionGuid = {6B592BA2-32BE-42E1-9F89-2DD55D84CFF0}
	EndGlobalSection
EndGlobal
